// !$*UTF8*$!
{
	archiveVersion = 1;
	classes = {
	};
	objectVersion = 56;
	objects = {

/* Begin PBXBuildFile section */
		771C83C72ABD6F40002DB1AD /* HeaderView.swift in Sources */ = {isa = PBXBuildFile; fileRef = 771C83C62ABD6F40002DB1AD /* HeaderView.swift */; };
		771C83C92ABD7B9C002DB1AD /* TLButton.swift in Sources */ = {isa = PBXBuildFile; fileRef = 771C83C82ABD7B9C002DB1AD /* TLButton.swift */; };
		77B96FEB2AB9742F0056511A /* Todo_ListApp.swift in Sources */ = {isa = PBXBuildFile; fileRef = 77B96FEA2AB9742F0056511A /* Todo_ListApp.swift */; };
		77B96FED2AB9742F0056511A /* MainView.swift in Sources */ = {isa = PBXBuildFile; fileRef = 77B96FEC2AB9742F0056511A /* MainView.swift */; };
		77B96FEF2AB9742F0056511A /* Assets.xcassets in Resources */ = {isa = PBXBuildFile; fileRef = 77B96FEE2AB9742F0056511A /* Assets.xcassets */; };
		77B96FF22AB9742F0056511A /* Preview Assets.xcassets in Resources */ = {isa = PBXBuildFile; fileRef = 77B96FF12AB9742F0056511A /* Preview Assets.xcassets */; };
		77B96FFA2AB975F80056511A /* FirebaseAnalytics in Frameworks */ = {isa = PBXBuildFile; productRef = 77B96FF92AB975F80056511A /* FirebaseAnalytics */; };
		77B96FFC2AB975F80056511A /* FirebaseAnalyticsSwift in Frameworks */ = {isa = PBXBuildFile; productRef = 77B96FFB2AB975F80056511A /* FirebaseAnalyticsSwift */; };
		77B96FFE2AB975F80056511A /* FirebaseAuth in Frameworks */ = {isa = PBXBuildFile; productRef = 77B96FFD2AB975F80056511A /* FirebaseAuth */; };
		77B970002AB975F80056511A /* FirebaseFirestore in Frameworks */ = {isa = PBXBuildFile; productRef = 77B96FFF2AB975F80056511A /* FirebaseFirestore */; };
		77B970022AB975F80056511A /* FirebaseFirestoreSwift in Frameworks */ = {isa = PBXBuildFile; productRef = 77B970012AB975F80056511A /* FirebaseFirestoreSwift */; };
		77B970042ABAE1910056511A /* GoogleService-Info.plist in Resources */ = {isa = PBXBuildFile; fileRef = 77B970032ABAE1910056511A /* GoogleService-Info.plist */; };
		77B9700A2ABD654A0056511A /* ProfileView.swift in Sources */ = {isa = PBXBuildFile; fileRef = 77B970092ABD654A0056511A /* ProfileView.swift */; };
		77B9700C2ABD65670056511A /* ToDoListView.swift in Sources */ = {isa = PBXBuildFile; fileRef = 77B9700B2ABD65670056511A /* ToDoListView.swift */; };
		77B9700E2ABD65780056511A /* NewItemView.swift in Sources */ = {isa = PBXBuildFile; fileRef = 77B9700D2ABD65780056511A /* NewItemView.swift */; };
		77B970102ABD658D0056511A /* LoginView.swift in Sources */ = {isa = PBXBuildFile; fileRef = 77B9700F2ABD658D0056511A /* LoginView.swift */; };
		77B970122ABD65950056511A /* RegisterView.swift in Sources */ = {isa = PBXBuildFile; fileRef = 77B970112ABD65950056511A /* RegisterView.swift */; };
		77B970142ABD65C40056511A /* ToDoListItemView.swift in Sources */ = {isa = PBXBuildFile; fileRef = 77B970132ABD65C40056511A /* ToDoListItemView.swift */; };
		77B970162ABD65F80056511A /* User.swift in Sources */ = {isa = PBXBuildFile; fileRef = 77B970152ABD65F80056511A /* User.swift */; };
		77B970182ABD66120056511A /* ToDoListItem.swift in Sources */ = {isa = PBXBuildFile; fileRef = 77B970172ABD66120056511A /* ToDoListItem.swift */; };
		77B9701A2ABD66310056511A /* MainViewViewModel.swift in Sources */ = {isa = PBXBuildFile; fileRef = 77B970192ABD66310056511A /* MainViewViewModel.swift */; };
		77B9701C2ABD664E0056511A /* ProfileViewViewModel.swift in Sources */ = {isa = PBXBuildFile; fileRef = 77B9701B2ABD664E0056511A /* ProfileViewViewModel.swift */; };
		77B9701E2ABD66600056511A /* ToDoListViewViewModel.swift in Sources */ = {isa = PBXBuildFile; fileRef = 77B9701D2ABD66600056511A /* ToDoListViewViewModel.swift */; };
		77B970202ABD66820056511A /* NewItemViewViewModel.swift in Sources */ = {isa = PBXBuildFile; fileRef = 77B9701F2ABD66820056511A /* NewItemViewViewModel.swift */; };
		77B970222ABD668C0056511A /* LoginViewViewModel.swift in Sources */ = {isa = PBXBuildFile; fileRef = 77B970212ABD668C0056511A /* LoginViewViewModel.swift */; };
		77B970242ABD669F0056511A /* RegisterViewViewModel.swift in Sources */ = {isa = PBXBuildFile; fileRef = 77B970232ABD669F0056511A /* RegisterViewViewModel.swift */; };
		77B970262ABD66D10056511A /* ToDoListItemViewViewModel.swift in Sources */ = {isa = PBXBuildFile; fileRef = 77B970252ABD66D10056511A /* ToDoListItemViewViewModel.swift */; };
/* End PBXBuildFile section */

/* Begin PBXFileReference section */
		771C83C62ABD6F40002DB1AD /* HeaderView.swift */ = {isa = PBXFileReference; lastKnownFileType = sourcecode.swift; path = HeaderView.swift; sourceTree = "<group>"; };
		771C83C82ABD7B9C002DB1AD /* TLButton.swift */ = {isa = PBXFileReference; lastKnownFileType = sourcecode.swift; path = TLButton.swift; sourceTree = "<group>"; };
		77B96FE72AB9742F0056511A /* Todo List.app */ = {isa = PBXFileReference; explicitFileType = wrapper.application; includeInIndex = 0; path = "Todo List.app"; sourceTree = BUILT_PRODUCTS_DIR; };
		77B96FEA2AB9742F0056511A /* Todo_ListApp.swift */ = {isa = PBXFileReference; lastKnownFileType = sourcecode.swift; path = Todo_ListApp.swift; sourceTree = "<group>"; };
		77B96FEC2AB9742F0056511A /* MainView.swift */ = {isa = PBXFileReference; lastKnownFileType = sourcecode.swift; path = MainView.swift; sourceTree = "<group>"; };
		77B96FEE2AB9742F0056511A /* Assets.xcassets */ = {isa = PBXFileReference; lastKnownFileType = folder.assetcatalog; path = Assets.xcassets; sourceTree = "<group>"; };
		77B96FF12AB9742F0056511A /* Preview Assets.xcassets */ = {isa = PBXFileReference; lastKnownFileType = folder.assetcatalog; path = "Preview Assets.xcassets"; sourceTree = "<group>"; };
		77B970032ABAE1910056511A /* GoogleService-Info.plist */ = {isa = PBXFileReference; fileEncoding = 4; lastKnownFileType = text.plist.xml; path = "GoogleService-Info.plist"; sourceTree = "<group>"; };
		77B970092ABD654A0056511A /* ProfileView.swift */ = {isa = PBXFileReference; lastKnownFileType = sourcecode.swift; path = ProfileView.swift; sourceTree = "<group>"; };
		77B9700B2ABD65670056511A /* ToDoListView.swift */ = {isa = PBXFileReference; lastKnownFileType = sourcecode.swift; path = ToDoListView.swift; sourceTree = "<group>"; };
		77B9700D2ABD65780056511A /* NewItemView.swift */ = {isa = PBXFileReference; lastKnownFileType = sourcecode.swift; path = NewItemView.swift; sourceTree = "<group>"; };
		77B9700F2ABD658D0056511A /* LoginView.swift */ = {isa = PBXFileReference; lastKnownFileType = sourcecode.swift; path = LoginView.swift; sourceTree = "<group>"; };
		77B970112ABD65950056511A /* RegisterView.swift */ = {isa = PBXFileReference; lastKnownFileType = sourcecode.swift; path = RegisterView.swift; sourceTree = "<group>"; };
		77B970132ABD65C40056511A /* ToDoListItemView.swift */ = {isa = PBXFileReference; lastKnownFileType = sourcecode.swift; path = ToDoListItemView.swift; sourceTree = "<group>"; };
		77B970152ABD65F80056511A /* User.swift */ = {isa = PBXFileReference; lastKnownFileType = sourcecode.swift; path = User.swift; sourceTree = "<group>"; };
		77B970172ABD66120056511A /* ToDoListItem.swift */ = {isa = PBXFileReference; lastKnownFileType = sourcecode.swift; path = ToDoListItem.swift; sourceTree = "<group>"; };
		77B970192ABD66310056511A /* MainViewViewModel.swift */ = {isa = PBXFileReference; lastKnownFileType = sourcecode.swift; path = MainViewViewModel.swift; sourceTree = "<group>"; };
		77B9701B2ABD664E0056511A /* ProfileViewViewModel.swift */ = {isa = PBXFileReference; lastKnownFileType = sourcecode.swift; path = ProfileViewViewModel.swift; sourceTree = "<group>"; };
		77B9701D2ABD66600056511A /* ToDoListViewViewModel.swift */ = {isa = PBXFileReference; lastKnownFileType = sourcecode.swift; path = ToDoListViewViewModel.swift; sourceTree = "<group>"; };
		77B9701F2ABD66820056511A /* NewItemViewViewModel.swift */ = {isa = PBXFileReference; lastKnownFileType = sourcecode.swift; path = NewItemViewViewModel.swift; sourceTree = "<group>"; };
		77B970212ABD668C0056511A /* LoginViewViewModel.swift */ = {isa = PBXFileReference; lastKnownFileType = sourcecode.swift; path = LoginViewViewModel.swift; sourceTree = "<group>"; };
		77B970232ABD669F0056511A /* RegisterViewViewModel.swift */ = {isa = PBXFileReference; lastKnownFileType = sourcecode.swift; path = RegisterViewViewModel.swift; sourceTree = "<group>"; };
		77B970252ABD66D10056511A /* ToDoListItemViewViewModel.swift */ = {isa = PBXFileReference; lastKnownFileType = sourcecode.swift; path = ToDoListItemViewViewModel.swift; sourceTree = "<group>"; };
/* End PBXFileReference section */

/* Begin PBXFrameworksBuildPhase section */
		77B96FE42AB9742F0056511A /* Frameworks */ = {
			isa = PBXFrameworksBuildPhase;
			buildActionMask = 2147483647;
			files = (
				77B970022AB975F80056511A /* FirebaseFirestoreSwift in Frameworks */,
				77B96FFC2AB975F80056511A /* FirebaseAnalyticsSwift in Frameworks */,
				77B970002AB975F80056511A /* FirebaseFirestore in Frameworks */,
				77B96FFE2AB975F80056511A /* FirebaseAuth in Frameworks */,
				77B96FFA2AB975F80056511A /* FirebaseAnalytics in Frameworks */,
			);
			runOnlyForDeploymentPostprocessing = 0;
		};
/* End PBXFrameworksBuildPhase section */

/* Begin PBXGroup section */
		77B96FDE2AB9742E0056511A = {
			isa = PBXGroup;
			children = (
				77B96FE92AB9742F0056511A /* Todo List */,
				77B96FE82AB9742F0056511A /* Products */,
			);
			sourceTree = "<group>";
		};
		77B96FE82AB9742F0056511A /* Products */ = {
			isa = PBXGroup;
			children = (
				77B96FE72AB9742F0056511A /* Todo List.app */,
			);
			name = Products;
			sourceTree = "<group>";
		};
		77B96FE92AB9742F0056511A /* Todo List */ = {
			isa = PBXGroup;
			children = (
				77B970082ABD63CF0056511A /* Other */,
				77B970072ABD63B40056511A /* ViewModels */,
				77B970062ABD63AA0056511A /* Views */,
				77B970052ABD63A00056511A /* Models */,
				77B96FEA2AB9742F0056511A /* Todo_ListApp.swift */,
				77B96FF02AB9742F0056511A /* Preview Content */,
			);
			path = "Todo List";
			sourceTree = "<group>";
		};
		77B96FF02AB9742F0056511A /* Preview Content */ = {
			isa = PBXGroup;
			children = (
				77B96FF12AB9742F0056511A /* Preview Assets.xcassets */,
			);
			path = "Preview Content";
			sourceTree = "<group>";
		};
		77B970052ABD63A00056511A /* Models */ = {
			isa = PBXGroup;
			children = (
				77B970152ABD65F80056511A /* User.swift */,
				77B970172ABD66120056511A /* ToDoListItem.swift */,
			);
			path = Models;
			sourceTree = "<group>";
		};
		77B970062ABD63AA0056511A /* Views */ = {
			isa = PBXGroup;
			children = (
				77B96FEC2AB9742F0056511A /* MainView.swift */,
				77B970092ABD654A0056511A /* ProfileView.swift */,
				77B9700B2ABD65670056511A /* ToDoListView.swift */,
				77B9700D2ABD65780056511A /* NewItemView.swift */,
				77B9700F2ABD658D0056511A /* LoginView.swift */,
				77B970112ABD65950056511A /* RegisterView.swift */,
				77B970132ABD65C40056511A /* ToDoListItemView.swift */,
				771C83C62ABD6F40002DB1AD /* HeaderView.swift */,
				771C83C82ABD7B9C002DB1AD /* TLButton.swift */,
			);
			path = Views;
			sourceTree = "<group>";
		};
		77B970072ABD63B40056511A /* ViewModels */ = {
			isa = PBXGroup;
			children = (
				77B970192ABD66310056511A /* MainViewViewModel.swift */,
				77B9701B2ABD664E0056511A /* ProfileViewViewModel.swift */,
				77B9701D2ABD66600056511A /* ToDoListViewViewModel.swift */,
				77B9701F2ABD66820056511A /* NewItemViewViewModel.swift */,
				77B970212ABD668C0056511A /* LoginViewViewModel.swift */,
				77B970232ABD669F0056511A /* RegisterViewViewModel.swift */,
				77B970252ABD66D10056511A /* ToDoListItemViewViewModel.swift */,
			);
			path = ViewModels;
			sourceTree = "<group>";
		};
		77B970082ABD63CF0056511A /* Other */ = {
			isa = PBXGroup;
			children = (
				77B96FEE2AB9742F0056511A /* Assets.xcassets */,
				77B970032ABAE1910056511A /* GoogleService-Info.plist */,
			);
			path = Other;
			sourceTree = "<group>";
		};
/* End PBXGroup section */

/* Begin PBXNativeTarget section */
		77B96FE62AB9742F0056511A /* Todo List */ = {
			isa = PBXNativeTarget;
			buildConfigurationList = 77B96FF52AB9742F0056511A /* Build configuration list for PBXNativeTarget "Todo List" */;
			buildPhases = (
				77B96FE32AB9742F0056511A /* Sources */,
				77B96FE42AB9742F0056511A /* Frameworks */,
				77B96FE52AB9742F0056511A /* Resources */,
			);
			buildRules = (
			);
			dependencies = (
			);
			name = "Todo List";
			packageProductDependencies = (
				77B96FF92AB975F80056511A /* FirebaseAnalytics */,
				77B96FFB2AB975F80056511A /* FirebaseAnalyticsSwift */,
				77B96FFD2AB975F80056511A /* FirebaseAuth */,
				77B96FFF2AB975F80056511A /* FirebaseFirestore */,
				77B970012AB975F80056511A /* FirebaseFirestoreSwift */,
			);
			productName = "Todo List";
			productReference = 77B96FE72AB9742F0056511A /* Todo List.app */;
			productType = "com.apple.product-type.application";
		};
/* End PBXNativeTarget section */

/* Begin PBXProject section */
		77B96FDF2AB9742E0056511A /* Project object */ = {
			isa = PBXProject;
			attributes = {
				BuildIndependentTargetsInParallel = 1;
				LastSwiftUpdateCheck = 1430;
				LastUpgradeCheck = 1430;
				TargetAttributes = {
					77B96FE62AB9742F0056511A = {
						CreatedOnToolsVersion = 14.3.1;
					};
				};
			};
			buildConfigurationList = 77B96FE22AB9742E0056511A /* Build configuration list for PBXProject "Todo List" */;
			compatibilityVersion = "Xcode 14.0";
			developmentRegion = en;
			hasScannedForEncodings = 0;
			knownRegions = (
				en,
				Base,
			);
			mainGroup = 77B96FDE2AB9742E0056511A;
			packageReferences = (
				77B96FF82AB975F80056511A /* XCRemoteSwiftPackageReference "firebase-ios-sdk" */,
			);
			productRefGroup = 77B96FE82AB9742F0056511A /* Products */;
			projectDirPath = "";
			projectRoot = "";
			targets = (
				77B96FE62AB9742F0056511A /* Todo List */,
			);
		};
/* End PBXProject section */

/* Begin PBXResourcesBuildPhase section */
		77B96FE52AB9742F0056511A /* Resources */ = {
			isa = PBXResourcesBuildPhase;
			buildActionMask = 2147483647;
			files = (
				77B96FF22AB9742F0056511A /* Preview Assets.xcassets in Resources */,
				77B96FEF2AB9742F0056511A /* Assets.xcassets in Resources */,
				77B970042ABAE1910056511A /* GoogleService-Info.plist in Resources */,
			);
			runOnlyForDeploymentPostprocessing = 0;
		};
/* End PBXResourcesBuildPhase section */

/* Begin PBXSourcesBuildPhase section */
		77B96FE32AB9742F0056511A /* Sources */ = {
			isa = PBXSourcesBuildPhase;
			buildActionMask = 2147483647;
			files = (
				77B970102ABD658D0056511A /* LoginView.swift in Sources */,
				771C83C72ABD6F40002DB1AD /* HeaderView.swift in Sources */,
				77B96FED2AB9742F0056511A /* MainView.swift in Sources */,
				77B970242ABD669F0056511A /* RegisterViewViewModel.swift in Sources */,
				77B9701A2ABD66310056511A /* MainViewViewModel.swift in Sources */,
				77B9700C2ABD65670056511A /* ToDoListView.swift in Sources */,
				77B970122ABD65950056511A /* RegisterView.swift in Sources */,
				771C83C92ABD7B9C002DB1AD /* TLButton.swift in Sources */,
				77B9701C2ABD664E0056511A /* ProfileViewViewModel.swift in Sources */,
				77B9700A2ABD654A0056511A /* ProfileView.swift in Sources */,
				77B970162ABD65F80056511A /* User.swift in Sources */,
				77B970142ABD65C40056511A /* ToDoListItemView.swift in Sources */,
				77B9701E2ABD66600056511A /* ToDoListViewViewModel.swift in Sources */,
				77B970222ABD668C0056511A /* LoginViewViewModel.swift in Sources */,
				77B96FEB2AB9742F0056511A /* Todo_ListApp.swift in Sources */,
				77B970182ABD66120056511A /* ToDoListItem.swift in Sources */,
				77B9700E2ABD65780056511A /* NewItemView.swift in Sources */,
				77B970202ABD66820056511A /* NewItemViewViewModel.swift in Sources */,
				77B970262ABD66D10056511A /* ToDoListItemViewViewModel.swift in Sources */,
			);
			runOnlyForDeploymentPostprocessing = 0;
		};
/* End PBXSourcesBuildPhase section */

/* Begin XCBuildConfiguration section */
		77B96FF32AB9742F0056511A /* Debug */ = {
			isa = XCBuildConfiguration;
			buildSettings = {
				ALWAYS_SEARCH_USER_PATHS = NO;
				CLANG_ANALYZER_NONNULL = YES;
				CLANG_ANALYZER_NUMBER_OBJECT_CONVERSION = YES_AGGRESSIVE;
				CLANG_CXX_LANGUAGE_STANDARD = "gnu++20";
				CLANG_ENABLE_MODULES = YES;
				CLANG_ENABLE_OBJC_ARC = YES;
				CLANG_ENABLE_OBJC_WEAK = YES;
				CLANG_WARN_BLOCK_CAPTURE_AUTORELEASING = YES;
				CLANG_WARN_BOOL_CONVERSION = YES;
				CLANG_WARN_COMMA = YES;
				CLANG_WARN_CONSTANT_CONVERSION = YES;
				CLANG_WARN_DEPRECATED_OBJC_IMPLEMENTATIONS = YES;
				CLANG_WARN_DIRECT_OBJC_ISA_USAGE = YES_ERROR;
				CLANG_WARN_DOCUMENTATION_COMMENTS = YES;
				CLANG_WARN_EMPTY_BODY = YES;
				CLANG_WARN_ENUM_CONVERSION = YES;
				CLANG_WARN_INFINITE_RECURSION = YES;
				CLANG_WARN_INT_CONVERSION = YES;
				CLANG_WARN_NON_LITERAL_NULL_CONVERSION = YES;
				CLANG_WARN_OBJC_IMPLICIT_RETAIN_SELF = YES;
				CLANG_WARN_OBJC_LITERAL_CONVERSION = YES;
				CLANG_WARN_OBJC_ROOT_CLASS = YES_ERROR;
				CLANG_WARN_QUOTED_INCLUDE_IN_FRAMEWORK_HEADER = YES;
				CLANG_WARN_RANGE_LOOP_ANALYSIS = YES;
				CLANG_WARN_STRICT_PROTOTYPES = YES;
				CLANG_WARN_SUSPICIOUS_MOVE = YES;
				CLANG_WARN_UNGUARDED_AVAILABILITY = YES_AGGRESSIVE;
				CLANG_WARN_UNREACHABLE_CODE = YES;
				CLANG_WARN__DUPLICATE_METHOD_MATCH = YES;
				COPY_PHASE_STRIP = NO;
				DEBUG_INFORMATION_FORMAT = dwarf;
				ENABLE_STRICT_OBJC_MSGSEND = YES;
				ENABLE_TESTABILITY = YES;
				GCC_C_LANGUAGE_STANDARD = gnu11;
				GCC_DYNAMIC_NO_PIC = NO;
				GCC_NO_COMMON_BLOCKS = YES;
				GCC_OPTIMIZATION_LEVEL = 0;
				GCC_PREPROCESSOR_DEFINITIONS = (
					"DEBUG=1",
					"$(inherited)",
				);
				GCC_WARN_64_TO_32_BIT_CONVERSION = YES;
				GCC_WARN_ABOUT_RETURN_TYPE = YES_ERROR;
				GCC_WARN_UNDECLARED_SELECTOR = YES;
				GCC_WARN_UNINITIALIZED_AUTOS = YES_AGGRESSIVE;
				GCC_WARN_UNUSED_FUNCTION = YES;
				GCC_WARN_UNUSED_VARIABLE = YES;
				IPHONEOS_DEPLOYMENT_TARGET = 16.4;
				MTL_ENABLE_DEBUG_INFO = INCLUDE_SOURCE;
				MTL_FAST_MATH = YES;
				ONLY_ACTIVE_ARCH = YES;
				SDKROOT = iphoneos;
				SWIFT_ACTIVE_COMPILATION_CONDITIONS = DEBUG;
				SWIFT_OPTIMIZATION_LEVEL = "-Onone";
			};
			name = Debug;
		};
		77B96FF42AB9742F0056511A /* Release */ = {
			isa = XCBuildConfiguration;
			buildSettings = {
				ALWAYS_SEARCH_USER_PATHS = NO;
				CLANG_ANALYZER_NONNULL = YES;
				CLANG_ANALYZER_NUMBER_OBJECT_CONVERSION = YES_AGGRESSIVE;
				CLANG_CXX_LANGUAGE_STANDARD = "gnu++20";
				CLANG_ENABLE_MODULES = YES;
				CLANG_ENABLE_OBJC_ARC = YES;
				CLANG_ENABLE_OBJC_WEAK = YES;
				CLANG_WARN_BLOCK_CAPTURE_AUTORELEASING = YES;
				CLANG_WARN_BOOL_CONVERSION = YES;
				CLANG_WARN_COMMA = YES;
				CLANG_WARN_CONSTANT_CONVERSION = YES;
				CLANG_WARN_DEPRECATED_OBJC_IMPLEMENTATIONS = YES;
				CLANG_WARN_DIRECT_OBJC_ISA_USAGE = YES_ERROR;
				CLANG_WARN_DOCUMENTATION_COMMENTS = YES;
				CLANG_WARN_EMPTY_BODY = YES;
				CLANG_WARN_ENUM_CONVERSION = YES;
				CLANG_WARN_INFINITE_RECURSION = YES;
				CLANG_WARN_INT_CONVERSION = YES;
				CLANG_WARN_NON_LITERAL_NULL_CONVERSION = YES;
				CLANG_WARN_OBJC_IMPLICIT_RETAIN_SELF = YES;
				CLANG_WARN_OBJC_LITERAL_CONVERSION = YES;
				CLANG_WARN_OBJC_ROOT_CLASS = YES_ERROR;
				CLANG_WARN_QUOTED_INCLUDE_IN_FRAMEWORK_HEADER = YES;
				CLANG_WARN_RANGE_LOOP_ANALYSIS = YES;
				CLANG_WARN_STRICT_PROTOTYPES = YES;
				CLANG_WARN_SUSPICIOUS_MOVE = YES;
				CLANG_WARN_UNGUARDED_AVAILABILITY = YES_AGGRESSIVE;
				CLANG_WARN_UNREACHABLE_CODE = YES;
				CLANG_WARN__DUPLICATE_METHOD_MATCH = YES;
				COPY_PHASE_STRIP = NO;
				DEBUG_INFORMATION_FORMAT = "dwarf-with-dsym";
				ENABLE_NS_ASSERTIONS = NO;
				ENABLE_STRICT_OBJC_MSGSEND = YES;
				GCC_C_LANGUAGE_STANDARD = gnu11;
				GCC_NO_COMMON_BLOCKS = YES;
				GCC_WARN_64_TO_32_BIT_CONVERSION = YES;
				GCC_WARN_ABOUT_RETURN_TYPE = YES_ERROR;
				GCC_WARN_UNDECLARED_SELECTOR = YES;
				GCC_WARN_UNINITIALIZED_AUTOS = YES_AGGRESSIVE;
				GCC_WARN_UNUSED_FUNCTION = YES;
				GCC_WARN_UNUSED_VARIABLE = YES;
				IPHONEOS_DEPLOYMENT_TARGET = 16.4;
				MTL_ENABLE_DEBUG_INFO = NO;
				MTL_FAST_MATH = YES;
				SDKROOT = iphoneos;
				SWIFT_COMPILATION_MODE = wholemodule;
				SWIFT_OPTIMIZATION_LEVEL = "-O";
				VALIDATE_PRODUCT = YES;
			};
			name = Release;
		};
		77B96FF62AB9742F0056511A /* Debug */ = {
			isa = XCBuildConfiguration;
			buildSettings = {
				ASSETCATALOG_COMPILER_APPICON_NAME = AppIcon;
				ASSETCATALOG_COMPILER_GLOBAL_ACCENT_COLOR_NAME = AccentColor;
				CODE_SIGN_STYLE = Automatic;
				CURRENT_PROJECT_VERSION = 1;
				DEVELOPMENT_ASSET_PATHS = "\"Todo List/Preview Content\"";
				DEVELOPMENT_TEAM = 6YP2Q5X4N7;
				ENABLE_PREVIEWS = YES;
				GENERATE_INFOPLIST_FILE = YES;
				INFOPLIST_KEY_CFBundleDisplayName = "To Do List";
				INFOPLIST_KEY_UIApplicationSceneManifest_Generation = YES;
				INFOPLIST_KEY_UIApplicationSupportsIndirectInputEvents = YES;
				INFOPLIST_KEY_UILaunchScreen_Generation = YES;
				INFOPLIST_KEY_UISupportedInterfaceOrientations = UIInterfaceOrientationPortrait;
				LD_RUNPATH_SEARCH_PATHS = (
					"$(inherited)",
					"@executable_path/Frameworks",
				);
				MARKETING_VERSION = 1.0;
				PRODUCT_BUNDLE_IDENTIFIER = "com.EliudeVemba.Todo-List";
				PRODUCT_NAME = "$(TARGET_NAME)";
				SWIFT_EMIT_LOC_STRINGS = YES;
				SWIFT_VERSION = 5.0;
				TARGETED_DEVICE_FAMILY = "1,2";
			};
			name = Debug;
		};
		77B96FF72AB9742F0056511A /* Release */ = {
			isa = XCBuildConfiguration;
			buildSettings = {
				ASSETCATALOG_COMPILER_APPICON_NAME = AppIcon;
				ASSETCATALOG_COMPILER_GLOBAL_ACCENT_COLOR_NAME = AccentColor;
				CODE_SIGN_STYLE = Automatic;
				CURRENT_PROJECT_VERSION = 1;
				DEVELOPMENT_ASSET_PATHS = "\"Todo List/Preview Content\"";
				DEVELOPMENT_TEAM = 6YP2Q5X4N7;
				ENABLE_PREVIEWS = YES;
				GENERATE_INFOPLIST_FILE = YES;
				INFOPLIST_KEY_CFBundleDisplayName = "To Do List";
				INFOPLIST_KEY_UIApplicationSceneManifest_Generation = YES;
				INFOPLIST_KEY_UIApplicationSupportsIndirectInputEvents = YES;
				INFOPLIST_KEY_UILaunchScreen_Generation = YES;
				INFOPLIST_KEY_UISupportedInterfaceOrientations = UIInterfaceOrientationPortrait;
				LD_RUNPATH_SEARCH_PATHS = (
					"$(inherited)",
					"@executable_path/Frameworks",
				);
				MARKETING_VERSION = 1.0;
				PRODUCT_BUNDLE_IDENTIFIER = "com.EliudeVemba.Todo-List";
				PRODUCT_NAME = "$(TARGET_NAME)";
				SWIFT_EMIT_LOC_STRINGS = YES;
				SWIFT_VERSION = 5.0;
				TARGETED_DEVICE_FAMILY = "1,2";
			};
			name = Release;
		};
/* End XCBuildConfiguration section */

/* Begin XCConfigurationList section */
		77B96FE22AB9742E0056511A /* Build configuration list for PBXProject "Todo List" */ = {
			isa = XCConfigurationList;
			buildConfigurations = (
				77B96FF32AB9742F0056511A /* Debug */,
				77B96FF42AB9742F0056511A /* Release */,
			);
			defaultConfigurationIsVisible = 0;
			defaultConfigurationName = Release;
		};
		77B96FF52AB9742F0056511A /* Build configuration list for PBXNativeTarget "Todo List" */ = {
			isa = XCConfigurationList;
			buildConfigurations = (
				77B96FF62AB9742F0056511A /* Debug */,
				77B96FF72AB9742F0056511A /* Release */,
			);
			defaultConfigurationIsVisible = 0;
			defaultConfigurationName = Release;
		};
/* End XCConfigurationList section */

/* Begin XCRemoteSwiftPackageReference section */
		77B96FF82AB975F80056511A /* XCRemoteSwiftPackageReference "firebase-ios-sdk" */ = {
			isa = XCRemoteSwiftPackageReference;
			repositoryURL = "https://github.com/firebase/firebase-ios-sdk";
			requirement = {
				kind = upToNextMajorVersion;
				minimumVersion = 10.0.0;
			};
		};
/* End XCRemoteSwiftPackageReference section */

/* Begin XCSwiftPackageProductDependency section */
		77B96FF92AB975F80056511A /* FirebaseAnalytics */ = {
			isa = XCSwiftPackageProductDependency;
			package = 77B96FF82AB975F80056511A /* XCRemoteSwiftPackageReference "firebase-ios-sdk" */;
			productName = FirebaseAnalytics;
		};
		77B96FFB2AB975F80056511A /* FirebaseAnalyticsSwift */ = {
			isa = XCSwiftPackageProductDependency;
			package = 77B96FF82AB975F80056511A /* XCRemoteSwiftPackageReference "firebase-ios-sdk" */;
			productName = FirebaseAnalyticsSwift;
		};
		77B96FFD2AB975F80056511A /* FirebaseAuth */ = {
			isa = XCSwiftPackageProductDependency;
			package = 77B96FF82AB975F80056511A /* XCRemoteSwiftPackageReference "firebase-ios-sdk" */;
			productName = FirebaseAuth;
		};
		77B96FFF2AB975F80056511A /* FirebaseFirestore */ = {
			isa = XCSwiftPackageProductDependency;
			package = 77B96FF82AB975F80056511A /* XCRemoteSwiftPackageReference "firebase-ios-sdk" */;
			productName = FirebaseFirestore;
		};
		77B970012AB975F80056511A /* FirebaseFirestoreSwift */ = {
			isa = XCSwiftPackageProductDependency;
			package = 77B96FF82AB975F80056511A /* XCRemoteSwiftPackageReference "firebase-ios-sdk" */;
			productName = FirebaseFirestoreSwift;
		};
/* End XCSwiftPackageProductDependency section */
	};
	rootObject = 77B96FDF2AB9742E0056511A /* Project object */;
}
